
Microsoft Visual Studio Solution File, Format Version 12.00
# Visual Studio Version 17
VisualStudioVersion = 17.0.31903.59
MinimumVisualStudioVersion = 10.0.40219.1
Project("{2150E333-8FDC-42A3-9474-1A3956D46DE8}") = "src", "src", "{B9F76242-3365-47A8-A3B6-C6B76F358D39}"
EndProject
Project("{FAE04EC0-301F-11D3-BF4B-00C04F79EFBC}") = "MartenLab.AppHost", "src\MartenLab.AppHost\MartenLab.AppHost.csproj", "{AE01DE01-F288-48ED-A239-8595A3D6E580}"
EndProject
Project("{FAE04EC0-301F-11D3-BF4B-00C04F79EFBC}") = "MartenLab.ServiceDefaults", "src\MartenLab.ServiceDefaults\MartenLab.ServiceDefaults.csproj", "{1BD98F89-9695-4235-8A57-63B2F21054EE}"
EndProject
Project("{FAE04EC0-301F-11D3-BF4B-00C04F79EFBC}") = "MartenLab.API", "src\MartenLab.API\MartenLab.API.csproj", "{D8427D0D-FF4A-4D7A-A11F-D1462CEC49A7}"
EndProject
Project("{FAE04EC0-301F-11D3-BF4B-00C04F79EFBC}") = "MartenLab.Application", "src\MartenLab.Application\MartenLab.Application.csproj", "{DA947CFF-8C5F-4148-B9E7-8C10C1D6504B}"
EndProject
Project("{FAE04EC0-301F-11D3-BF4B-00C04F79EFBC}") = "MartenLab.Core", "src\MartenLab.Core\MartenLab.Core.csproj", "{2903343D-0C7F-47E2-8C5A-A87BFE8F3749}"
EndProject
Project("{FAE04EC0-301F-11D3-BF4B-00C04F79EFBC}") = "MartenLab.Infrastructure", "src\MartenLab.Infrastructure\MartenLab.Infrastructure.csproj", "{D49D7009-2FC5-42FA-B095-FA7E5BF3EE5B}"
EndProject
Global
	GlobalSection(SolutionConfigurationPlatforms) = preSolution
		Debug|Any CPU = Debug|Any CPU
		Release|Any CPU = Release|Any CPU
	EndGlobalSection
	GlobalSection(SolutionProperties) = preSolution
		HideSolutionNode = FALSE
	EndGlobalSection
	GlobalSection(ProjectConfigurationPlatforms) = postSolution
		{AE01DE01-F288-48ED-A239-8595A3D6E580}.Debug|Any CPU.ActiveCfg = Debug|Any CPU
		{AE01DE01-F288-48ED-A239-8595A3D6E580}.Debug|Any CPU.Build.0 = Debug|Any CPU
		{AE01DE01-F288-48ED-A239-8595A3D6E580}.Release|Any CPU.ActiveCfg = Release|Any CPU
		{AE01DE01-F288-48ED-A239-8595A3D6E580}.Release|Any CPU.Build.0 = Release|Any CPU
		{1BD98F89-9695-4235-8A57-63B2F21054EE}.Debug|Any CPU.ActiveCfg = Debug|Any CPU
		{1BD98F89-9695-4235-8A57-63B2F21054EE}.Debug|Any CPU.Build.0 = Debug|Any CPU
		{1BD98F89-9695-4235-8A57-63B2F21054EE}.Release|Any CPU.ActiveCfg = Release|Any CPU
		{1BD98F89-9695-4235-8A57-63B2F21054EE}.Release|Any CPU.Build.0 = Release|Any CPU
		{D8427D0D-FF4A-4D7A-A11F-D1462CEC49A7}.Debug|Any CPU.ActiveCfg = Debug|Any CPU
		{D8427D0D-FF4A-4D7A-A11F-D1462CEC49A7}.Debug|Any CPU.Build.0 = Debug|Any CPU
		{D8427D0D-FF4A-4D7A-A11F-D1462CEC49A7}.Release|Any CPU.ActiveCfg = Release|Any CPU
		{D8427D0D-FF4A-4D7A-A11F-D1462CEC49A7}.Release|Any CPU.Build.0 = Release|Any CPU
		{DA947CFF-8C5F-4148-B9E7-8C10C1D6504B}.Debug|Any CPU.ActiveCfg = Debug|Any CPU
		{DA947CFF-8C5F-4148-B9E7-8C10C1D6504B}.Debug|Any CPU.Build.0 = Debug|Any CPU
		{DA947CFF-8C5F-4148-B9E7-8C10C1D6504B}.Release|Any CPU.ActiveCfg = Release|Any CPU
		{DA947CFF-8C5F-4148-B9E7-8C10C1D6504B}.Release|Any CPU.Build.0 = Release|Any CPU
		{2903343D-0C7F-47E2-8C5A-A87BFE8F3749}.Debug|Any CPU.ActiveCfg = Debug|Any CPU
		{2903343D-0C7F-47E2-8C5A-A87BFE8F3749}.Debug|Any CPU.Build.0 = Debug|Any CPU
		{2903343D-0C7F-47E2-8C5A-A87BFE8F3749}.Release|Any CPU.ActiveCfg = Release|Any CPU
		{2903343D-0C7F-47E2-8C5A-A87BFE8F3749}.Release|Any CPU.Build.0 = Release|Any CPU
		{D49D7009-2FC5-42FA-B095-FA7E5BF3EE5B}.Debug|Any CPU.ActiveCfg = Debug|Any CPU
		{D49D7009-2FC5-42FA-B095-FA7E5BF3EE5B}.Debug|Any CPU.Build.0 = Debug|Any CPU
		{D49D7009-2FC5-42FA-B095-FA7E5BF3EE5B}.Release|Any CPU.ActiveCfg = Release|Any CPU
		{D49D7009-2FC5-42FA-B095-FA7E5BF3EE5B}.Release|Any CPU.Build.0 = Release|Any CPU
	EndGlobalSection
	GlobalSection(NestedProjects) = preSolution
		{AE01DE01-F288-48ED-A239-8595A3D6E580} = {B9F76242-3365-47A8-A3B6-C6B76F358D39}
		{1BD98F89-9695-4235-8A57-63B2F21054EE} = {B9F76242-3365-47A8-A3B6-C6B76F358D39}
		{D8427D0D-FF4A-4D7A-A11F-D1462CEC49A7} = {B9F76242-3365-47A8-A3B6-C6B76F358D39}
		{DA947CFF-8C5F-4148-B9E7-8C10C1D6504B} = {B9F76242-3365-47A8-A3B6-C6B76F358D39}
		{2903343D-0C7F-47E2-8C5A-A87BFE8F3749} = {B9F76242-3365-47A8-A3B6-C6B76F358D39}
		{D49D7009-2FC5-42FA-B095-FA7E5BF3EE5B} = {B9F76242-3365-47A8-A3B6-C6B76F358D39}
	EndGlobalSection
EndGlobal
